# This file is automatically @generated by Cargo.
# It is not intended for manual editing.
version = 4

[[package]]
name = "f-abi"
version = "0.0.1"

[[package]]
name = "f-bench"
version = "0.0.1"
dependencies = [
 "f-abi",
 "f-env",
 "f-ring",
]

[[package]]
name = "f-env"
version = "0.0.1"

[[package]]
name = "f-init"
version = "0.0.1"
dependencies = [
 "f-abi",
 "f-env",
 "f-ring",
]

[[package]]
name = "f-kernel"
version = "0.0.1"
dependencies = [
 "f-abi",
 "f-env",
 "f-ring",
]

[[package]]
name = "f-ring"
version = "0.0.1"
dependencies = [
 "f-abi",
]

[[package]]
name = "xtask"
version = "0.0.1"
dependencies = [
 "f-bench",
]
